
Microsoft Visual Studio Solution File, Format Version 10.00
# Visual Studio 2008
Project("{FAE04EC0-301F-11D3-BF4B-00C04F79EFBC}") = "Unity", "Unity\Unity.csproj", "{8C6F8892-C680-58FD-6662-B41DA45F89DC}"
EndProject
Project("{FAE04EC0-301F-11D3-BF4B-00C04F79EFBC}") = "eDriven.3D", "eDriven.3D\eDriven.3D.csproj", "{B15FD0DB-CC32-4430-9011-DE1ADB016DE5}"
EndProject
Project("{FAE04EC0-301F-11D3-BF4B-00C04F79EFBC}") = "eDriven.Audio", "eDriven.Audio\eDriven.Audio.csproj", "{17E1EE8E-D5BB-4816-8548-ABB5B78A5EAF}"
EndProject
Project("{FAE04EC0-301F-11D3-BF4B-00C04F79EFBC}") = "eDriven.Core", "eDriven.Core\eDriven.Core.csproj", "{F4447751-B5FB-43CE-88F5-9BDF05B87F1E}"
EndProject
Project("{FAE04EC0-301F-11D3-BF4B-00C04F79EFBC}") = "eDriven.Gui", "eDriven.Gui\eDriven.Gui.csproj", "{FD30C434-F7A6-4F23-8C20-CBE56A49EDB6}"
EndProject
Project("{FAE04EC0-301F-11D3-BF4B-00C04F79EFBC}") = "eDriven.Networking", "eDriven.Networking\eDriven.Networking.csproj", "{7D407BA0-36E8-4B16-B69F-4AE63FAD1A8B}"
EndProject
Project("{FAE04EC0-301F-11D3-BF4B-00C04F79EFBC}") = "eDriven.Drupal7", "eDriven.Drupal7\eDriven.Drupal7.csproj", "{C7B0C53E-3807-4443-A0EF-7603493C2B8C}"
EndProject
Global
	GlobalSection(SolutionConfigurationPlatforms) = preSolution
		Asset store|Any CPU = Asset store|Any CPU
		Debug|Any CPU = Debug|Any CPU
		Production|Any CPU = Production|Any CPU
		Release|Any CPU = Release|Any CPU
	EndGlobalSection
	GlobalSection(ProjectConfigurationPlatforms) = postSolution
		{8C6F8892-C680-58FD-6662-B41DA45F89DC}.Asset store|Any CPU.ActiveCfg = Release|Any CPU
		{8C6F8892-C680-58FD-6662-B41DA45F89DC}.Asset store|Any CPU.Build.0 = Release|Any CPU
		{8C6F8892-C680-58FD-6662-B41DA45F89DC}.Debug|Any CPU.ActiveCfg = Debug|Any CPU
		{8C6F8892-C680-58FD-6662-B41DA45F89DC}.Debug|Any CPU.Build.0 = Debug|Any CPU
		{8C6F8892-C680-58FD-6662-B41DA45F89DC}.Production|Any CPU.ActiveCfg = Release|Any CPU
		{8C6F8892-C680-58FD-6662-B41DA45F89DC}.Production|Any CPU.Build.0 = Release|Any CPU
		{8C6F8892-C680-58FD-6662-B41DA45F89DC}.Release|Any CPU.ActiveCfg = Release|Any CPU
		{8C6F8892-C680-58FD-6662-B41DA45F89DC}.Release|Any CPU.Build.0 = Release|Any CPU
		{B15FD0DB-CC32-4430-9011-DE1ADB016DE5}.Asset store|Any CPU.ActiveCfg = Asset store|Any CPU
		{B15FD0DB-CC32-4430-9011-DE1ADB016DE5}.Asset store|Any CPU.Build.0 = Asset store|Any CPU
		{B15FD0DB-CC32-4430-9011-DE1ADB016DE5}.Debug|Any CPU.ActiveCfg = Debug|Any CPU
		{B15FD0DB-CC32-4430-9011-DE1ADB016DE5}.Debug|Any CPU.Build.0 = Debug|Any CPU
		{B15FD0DB-CC32-4430-9011-DE1ADB016DE5}.Production|Any CPU.ActiveCfg = Production|Any CPU
		{B15FD0DB-CC32-4430-9011-DE1ADB016DE5}.Production|Any CPU.Build.0 = Production|Any CPU
		{B15FD0DB-CC32-4430-9011-DE1ADB016DE5}.Release|Any CPU.ActiveCfg = Release|Any CPU
		{B15FD0DB-CC32-4430-9011-DE1ADB016DE5}.Release|Any CPU.Build.0 = Release|Any CPU
		{17E1EE8E-D5BB-4816-8548-ABB5B78A5EAF}.Asset store|Any CPU.ActiveCfg = Asset store|Any CPU
		{17E1EE8E-D5BB-4816-8548-ABB5B78A5EAF}.Asset store|Any CPU.Build.0 = Asset store|Any CPU
		{17E1EE8E-D5BB-4816-8548-ABB5B78A5EAF}.Debug|Any CPU.ActiveCfg = Debug|Any CPU
		{17E1EE8E-D5BB-4816-8548-ABB5B78A5EAF}.Debug|Any CPU.Build.0 = Debug|Any CPU
		{17E1EE8E-D5BB-4816-8548-ABB5B78A5EAF}.Production|Any CPU.ActiveCfg = Production|Any CPU
		{17E1EE8E-D5BB-4816-8548-ABB5B78A5EAF}.Production|Any CPU.Build.0 = Production|Any CPU
		{17E1EE8E-D5BB-4816-8548-ABB5B78A5EAF}.Release|Any CPU.ActiveCfg = Release|Any CPU
		{17E1EE8E-D5BB-4816-8548-ABB5B78A5EAF}.Release|Any CPU.Build.0 = Release|Any CPU
		{F4447751-B5FB-43CE-88F5-9BDF05B87F1E}.Asset store|Any CPU.ActiveCfg = Asset store|Any CPU
		{F4447751-B5FB-43CE-88F5-9BDF05B87F1E}.Asset store|Any CPU.Build.0 = Asset store|Any CPU
		{F4447751-B5FB-43CE-88F5-9BDF05B87F1E}.Debug|Any CPU.ActiveCfg = Debug|Any CPU
		{F4447751-B5FB-43CE-88F5-9BDF05B87F1E}.Debug|Any CPU.Build.0 = Debug|Any CPU
		{F4447751-B5FB-43CE-88F5-9BDF05B87F1E}.Production|Any CPU.ActiveCfg = Production|Any CPU
		{F4447751-B5FB-43CE-88F5-9BDF05B87F1E}.Production|Any CPU.Build.0 = Production|Any CPU
		{F4447751-B5FB-43CE-88F5-9BDF05B87F1E}.Release|Any CPU.ActiveCfg = Release|Any CPU
		{F4447751-B5FB-43CE-88F5-9BDF05B87F1E}.Release|Any CPU.Build.0 = Release|Any CPU
		{FD30C434-F7A6-4F23-8C20-CBE56A49EDB6}.Asset store|Any CPU.ActiveCfg = Asset store|Any CPU
		{FD30C434-F7A6-4F23-8C20-CBE56A49EDB6}.Asset store|Any CPU.Build.0 = Asset store|Any CPU
		{FD30C434-F7A6-4F23-8C20-CBE56A49EDB6}.Debug|Any CPU.ActiveCfg = Debug|Any CPU
		{FD30C434-F7A6-4F23-8C20-CBE56A49EDB6}.Debug|Any CPU.Build.0 = Debug|Any CPU
		{FD30C434-F7A6-4F23-8C20-CBE56A49EDB6}.Production|Any CPU.ActiveCfg = Production|Any CPU
		{FD30C434-F7A6-4F23-8C20-CBE56A49EDB6}.Production|Any CPU.Build.0 = Production|Any CPU
		{FD30C434-F7A6-4F23-8C20-CBE56A49EDB6}.Release|Any CPU.ActiveCfg = Release|Any CPU
		{FD30C434-F7A6-4F23-8C20-CBE56A49EDB6}.Release|Any CPU.Build.0 = Release|Any CPU
		{7D407BA0-36E8-4B16-B69F-4AE63FAD1A8B}.Asset store|Any CPU.ActiveCfg = Asset store|Any CPU
		{7D407BA0-36E8-4B16-B69F-4AE63FAD1A8B}.Asset store|Any CPU.Build.0 = Asset store|Any CPU
		{7D407BA0-36E8-4B16-B69F-4AE63FAD1A8B}.Debug|Any CPU.ActiveCfg = Debug|Any CPU
		{7D407BA0-36E8-4B16-B69F-4AE63FAD1A8B}.Debug|Any CPU.Build.0 = Debug|Any CPU
		{7D407BA0-36E8-4B16-B69F-4AE63FAD1A8B}.Production|Any CPU.ActiveCfg = Production|Any CPU
		{7D407BA0-36E8-4B16-B69F-4AE63FAD1A8B}.Production|Any CPU.Build.0 = Production|Any CPU
		{7D407BA0-36E8-4B16-B69F-4AE63FAD1A8B}.Release|Any CPU.ActiveCfg = Release|Any CPU
		{7D407BA0-36E8-4B16-B69F-4AE63FAD1A8B}.Release|Any CPU.Build.0 = Release|Any CPU
		{C7B0C53E-3807-4443-A0EF-7603493C2B8C}.Asset store|Any CPU.ActiveCfg = Asset store|Any CPU
		{C7B0C53E-3807-4443-A0EF-7603493C2B8C}.Asset store|Any CPU.Build.0 = Asset store|Any CPU
		{C7B0C53E-3807-4443-A0EF-7603493C2B8C}.Debug|Any CPU.ActiveCfg = Debug|Any CPU
		{C7B0C53E-3807-4443-A0EF-7603493C2B8C}.Debug|Any CPU.Build.0 = Debug|Any CPU
		{C7B0C53E-3807-4443-A0EF-7603493C2B8C}.Production|Any CPU.ActiveCfg = Production|Any CPU
		{C7B0C53E-3807-4443-A0EF-7603493C2B8C}.Production|Any CPU.Build.0 = Production|Any CPU
		{C7B0C53E-3807-4443-A0EF-7603493C2B8C}.Release|Any CPU.ActiveCfg = Release|Any CPU
		{C7B0C53E-3807-4443-A0EF-7603493C2B8C}.Release|Any CPU.Build.0 = Release|Any CPU
	EndGlobalSection
	GlobalSection(SolutionProperties) = preSolution
		HideSolutionNode = FALSE
	EndGlobalSection
EndGlobal
